
Microsoft Visual Studio Solution File, Format Version 12.00
# Visual Studio 15
VisualStudioVersion = 15.0.28307.1022
MinimumVisualStudioVersion = 10.0.40219.1
Project("{FAE04EC0-301F-11D3-BF4B-00C04F79EFBC}") = "SEMSystemApi", "SEMSystemApi\SEMSystemApi.csproj", "{5F1C2163-DB41-419F-B900-98B90C3067CD}"
EndProject
Global
	GlobalSection(SolutionConfigurationPlatforms) = preSolution
		Debug|Any CPU = Debug|Any CPU
		Release|Any CPU = Release|Any CPU
	EndGlobalSection
	GlobalSection(ProjectConfigurationPlatforms) = postSolution
		{5F1C2163-DB41-419F-B900-98B90C3067CD}.Debug|Any CPU.ActiveCfg = Debug|Any CPU
		{5F1C2163-DB41-419F-B900-98B90C3067CD}.Debug|Any CPU.Build.0 = Debug|Any CPU
		{5F1C2163-DB41-419F-B900-98B90C3067CD}.Release|Any CPU.ActiveCfg = Release|Any CPU
		{5F1C2163-DB41-419F-B900-98B90C3067CD}.Release|Any CPU.Build.0 = Release|Any CPU
	EndGlobalSection
	GlobalSection(SolutionProperties) = preSolution
		HideSolutionNode = FALSE
	EndGlobalSection
	GlobalSection(ExtensibilityGlobals) = postSolution
		SolutionGuid = {129AB458-85F8-467A-83C9-70D9AB5946AD}
	EndGlobalSection
EndGlobal
